{
  "name": "varuna-dev-tools",
  "lockfileVersion": 3,
  "requires": true,
  "packages": {
    "": {
      "name": "varuna-dev-tools",
      "devDependencies": {
        "create-torrent": "6.1.0"
      },
      "engines": {
        "node": "24.14.1"
      }
    },
    "node_modules/base64-arraybuffer": {
      "version": "1.0.2",
      "resolved": "https://registry.npmjs.org/base64-arraybuffer/-/base64-arraybuffer-1.0.2.tgz",
      "integrity": "sha512-I3yl4r9QB5ZRY3XuJVEPfc2XhZO6YweFPI+UovAzn+8/hb3oJ6lnysaFcjVpkCPfVWFUDvoZ8kmVDP7WyRtYtQ==",
      "dev": true,
      "license": "MIT",
      "engines": {
        "node": ">= 0.6.0"
      }
    },
    "node_modules/bencode": {
      "version": "4.0.0",
      "resolved": "https://registry.npmjs.org/bencode/-/bencode-4.0.0.tgz",
      "integrity": "sha512-AERXw18df0pF3ziGOCyUjqKZBVNH8HV3lBxnx5w0qtgMIk4a1wb9BkcCQbkp9Zstfrn/dzRwl7MmUHHocX3sRQ==",
      "dev": true,
      "license": "MIT",
      "dependencies": {
        "uint8-util": "^2.2.2"
      },
      "engines": {
        "node": ">=12.20.0"
      }
    },
    "node_modules/block-iterator": {
      "version": "1.1.2",
      "resolved": "https://registry.npmjs.org/block-iterator/-/block-iterator-1.1.2.tgz",
      "integrity": "sha512-yAHUP44v2K25xLPdrgVTgwtuQctlullzjczu9CoUZom5AP3g4p1R1+aWHjS1GHG9JtcSUVUnbEPiuXiW5YZ24w==",
      "dev": true,
      "license": "MIT"
    },
    "node_modules/create-torrent": {
      "version": "6.1.0",
      "resolved": "https://registry.npmjs.org/create-torrent/-/create-torrent-6.1.0.tgz",
      "integrity": "sha512-War593HCsg4TotHgMGWTJqnDHN0pmEU2RM13xUzzSZ78TpRNOC2bbcsC5yMO3pqIkedHEWFzYNqH1yhwuuBYTg==",
      "dev": true,
      "funding": [
        {
          "type": "github",
          "url": "https://github.com/sponsors/feross"
        },
        {
          "type": "patreon",
          "url": "https://www.patreon.com/feross"
        },
        {
          "type": "consulting",
          "url": "https://feross.org/support"
        }
      ],
      "license": "MIT",
      "dependencies": {
        "bencode": "^4.0.0",
        "block-iterator": "^1.1.1",
        "fast-readable-async-iterator": "^2.0.0",
        "is-file": "^1.0.0",
        "join-async-iterator": "^1.1.1",
        "junk": "^4.0.1",
        "minimist": "^1.2.8",
        "once": "^1.4.0",
        "piece-length": "^2.0.1",
        "queue-microtask": "^1.2.3",
        "run-parallel": "^1.2.0",
        "uint8-util": "^2.2.5"
      },
      "bin": {
        "create-torrent": "bin/cmd.js"
      },
      "engines": {
        "node": ">=12"
      }
    },
    "node_modules/fast-readable-async-iterator": {
      "version": "2.0.0",
      "resolved": "https://registry.npmjs.org/fast-readable-async-iterator/-/fast-readable-async-iterator-2.0.0.tgz",
      "integrity": "sha512-8Sld+DuyWRIftl86ZguJxR2oXCBccOiJxrY/Rj9/7ZBynW8pYMWzIcqxFL1da+25jaWJZVa+HHX/8SsA21JdTA==",
      "dev": true,
      "license": "MIT"
    },
    "node_modules/is-file": {
      "version": "1.0.0",
      "resolved": "https://registry.npmjs.org/is-file/-/is-file-1.0.0.tgz",
      "integrity": "sha512-ZGMuc+xA8mRnrXtmtf2l/EkIW2zaD2LSBWlaOVEF6yH4RTndHob65V4SwWWdtGKVthQfXPVKsXqw4TDUjbVxVQ==",
      "dev": true,
      "license": "MIT"
    },
    "node_modules/join-async-iterator": {
      "version": "1.1.1",
      "resolved": "https://registry.npmjs.org/join-async-iterator/-/join-async-iterator-1.1.1.tgz",
      "integrity": "sha512-ATse+nuNeKZ9K1y27LKdvPe/GCe9R/u9dw9vI248e+vILeRK3IcJP4JUPAlSmKRCDK0cKhEwfmiw4Skqx7UnGQ==",
      "dev": true,
      "license": "MIT"
    },
    "node_modules/junk": {
      "version": "4.0.1",
      "resolved": "https://registry.npmjs.org/junk/-/junk-4.0.1.tgz",
      "integrity": "sha512-Qush0uP+G8ZScpGMZvHUiRfI0YBWuB3gVBYlI0v0vvOJt5FLicco+IkP0a50LqTTQhmts/m6tP5SWE+USyIvcQ==",
      "dev": true,
      "license": "MIT",
      "engines": {
        "node": ">=12.20"
      },
      "funding": {
        "url": "https://github.com/sponsors/sindresorhus"
      }
    },
    "node_modules/minimist": {
      "version": "1.2.8",
      "resolved": "https://registry.npmjs.org/minimist/-/minimist-1.2.8.tgz",
      "integrity": "sha512-2yyAR8qBkN3YuheJanUpWC5U3bb5osDywNB8RzDVlDwDHbocAJveqqj1u8+SVD7jkWT4yvsHCpWqqWqAxb0zCA==",
      "dev": true,
      "license": "MIT",
      "funding": {
        "url": "https://github.com/sponsors/ljharb"
      }
    },
    "node_modules/once": {
      "version": "1.4.0",
      "resolved": "https://registry.npmjs.org/once/-/once-1.4.0.tgz",
      "integrity": "sha512-lNaJgI+2Q5URQBkccEKHTQOPaXdUxnZZElQTZY0MFUAuaEqe1E+Nyvgdz/aIyNi6Z9MzO5dv1H8n58/GELp3+w==",
      "dev": true,
      "license": "ISC",
      "dependencies": {
        "wrappy": "1"
      }
    },
    "node_modules/piece-length": {
      "version": "2.0.1",
      "resolved": "https://registry.npmjs.org/piece-length/-/piece-length-2.0.1.tgz",
      "integrity": "sha512-dBILiDmm43y0JPISWEmVGKBETQjwJe6mSU9GND+P9KW0SJGUwoU/odyH1nbalOP9i8WSYuqf1lQnaj92Bhw+Ug==",
      "dev": true,
      "license": "MIT"
    },
    "node_modules/queue-microtask": {
      "version": "1.2.3",
      "resolved": "https://registry.npmjs.org/queue-microtask/-/queue-microtask-1.2.3.tgz",
      "integrity": "sha512-NuaNSa6flKT5JaSYQzJok04JzTL1CA6aGhv5rfLW3PgqA+M2ChpZQnAC8h8i4ZFkBS8X5RqkDBHA7r4hej3K9A==",
      "dev": true,
      "funding": [
        {
          "type": "github",
          "url": "https://github.com/sponsors/feross"
        },
        {
          "type": "patreon",
          "url": "https://www.patreon.com/feross"
        },
        {
          "type": "consulting",
          "url": "https://feross.org/support"
        }
      ],
      "license": "MIT"
    },
    "node_modules/run-parallel": {
      "version": "1.2.0",
      "resolved": "https://registry.npmjs.org/run-parallel/-/run-parallel-1.2.0.tgz",
      "integrity": "sha512-5l4VyZR86LZ/lDxZTR6jqL8AFE2S0IFLMP26AbjsLVADxHdhB/c0GUsH+y39UfCi3dzz8OlQuPmnaJOMoDHQBA==",
      "dev": true,
      "funding": [
        {
          "type": "github",
          "url": "https://github.com/sponsors/feross"
        },
        {
          "type": "patreon",
          "url": "https://www.patreon.com/feross"
        },
        {
          "type": "consulting",
          "url": "https://feross.org/support"
        }
      ],
      "license": "MIT",
      "dependencies": {
        "queue-microtask": "^1.2.2"
      }
    },
    "node_modules/uint8-util": {
      "version": "2.2.6",
      "resolved": "https://registry.npmjs.org/uint8-util/-/uint8-util-2.2.6.tgz",
      "integrity": "sha512-r+ZjS8CzPhtPF771ROOadUoqC40OVdiMKBI8lTfJQWb4W7+73sMBwMYmai/uvNcmZ7tBJJyZSad03yMWIt3RQg==",
      "dev": true,
      "license": "MIT",
      "dependencies": {
        "base64-arraybuffer": "^1.0.2"
      }
    },
    "node_modules/wrappy": {
      "version": "1.0.2",
      "resolved": "https://registry.npmjs.org/wrappy/-/wrappy-1.0.2.tgz",
      "integrity": "sha512-l4Sp/DRseor9wL6EvV2+TuQn63dMkPjZ/sp9XkghTEbV9KlPS1xUsZ3u7/IQO4wxtcFB4bgpQPRcR3QCvezPcQ==",
      "dev": true,
      "license": "ISC"
    }
  }
}
